
Microsoft Visual Studio Solution File, Format Version 11.00
# Visual Studio 2010
Project("{FAE04EC0-301F-11D3-BF4B-00C04F79EFBC}") = "Assembly-CSharp", "Assembly-CSharp.csproj", "{87812F98-3522-9F5F-05FB-1E8FE288F173}"
EndProject
Project("{FAE04EC0-301F-11D3-BF4B-00C04F79EFBC}") = "Assembly-CSharp-firstpass", "Assembly-CSharp-firstpass.csproj", "{25AB11B3-1C8B-FF02-C9F5-3741A2010844}"
EndProject
Project("{FAE04EC0-301F-11D3-BF4B-00C04F79EFBC}") = "Assembly-CSharp-Editor-firstpass", "Assembly-CSharp-Editor-firstpass.csproj", "{AE28C77F-A4D7-78BE-CBC2-2DA8E70C78E1}"
EndProject
Project("{FAE04EC0-301F-11D3-BF4B-00C04F79EFBC}") = "Assembly-CSharp-Editor", "Assembly-CSharp-Editor.csproj", "{8A46046E-D726-51E2-7F7E-3501B0B5228E}"
EndProject
Global
	GlobalSection(SolutionConfigurationPlatforms) = preSolution
		Debug|Any CPU = Debug|Any CPU
		Release|Any CPU = Release|Any CPU
	EndGlobalSection
	GlobalSection(ProjectConfigurationPlatforms) = postSolution
		{87812F98-3522-9F5F-05FB-1E8FE288F173}.Debug|Any CPU.ActiveCfg = Debug|Any CPU
		{87812F98-3522-9F5F-05FB-1E8FE288F173}.Debug|Any CPU.Build.0 = Debug|Any CPU
		{87812F98-3522-9F5F-05FB-1E8FE288F173}.Release|Any CPU.ActiveCfg = Release|Any CPU
		{87812F98-3522-9F5F-05FB-1E8FE288F173}.Release|Any CPU.Build.0 = Release|Any CPU
		{25AB11B3-1C8B-FF02-C9F5-3741A2010844}.Debug|Any CPU.ActiveCfg = Debug|Any CPU
		{25AB11B3-1C8B-FF02-C9F5-3741A2010844}.Debug|Any CPU.Build.0 = Debug|Any CPU
		{25AB11B3-1C8B-FF02-C9F5-3741A2010844}.Release|Any CPU.ActiveCfg = Release|Any CPU
		{25AB11B3-1C8B-FF02-C9F5-3741A2010844}.Release|Any CPU.Build.0 = Release|Any CPU
		{AE28C77F-A4D7-78BE-CBC2-2DA8E70C78E1}.Debug|Any CPU.ActiveCfg = Debug|Any CPU
		{AE28C77F-A4D7-78BE-CBC2-2DA8E70C78E1}.Debug|Any CPU.Build.0 = Debug|Any CPU
		{AE28C77F-A4D7-78BE-CBC2-2DA8E70C78E1}.Release|Any CPU.ActiveCfg = Release|Any CPU
		{AE28C77F-A4D7-78BE-CBC2-2DA8E70C78E1}.Release|Any CPU.Build.0 = Release|Any CPU
		{8A46046E-D726-51E2-7F7E-3501B0B5228E}.Debug|Any CPU.ActiveCfg = Debug|Any CPU
		{8A46046E-D726-51E2-7F7E-3501B0B5228E}.Debug|Any CPU.Build.0 = Debug|Any CPU
		{8A46046E-D726-51E2-7F7E-3501B0B5228E}.Release|Any CPU.ActiveCfg = Release|Any CPU
		{8A46046E-D726-51E2-7F7E-3501B0B5228E}.Release|Any CPU.Build.0 = Release|Any CPU
	EndGlobalSection
	GlobalSection(SolutionProperties) = preSolution
		HideSolutionNode = FALSE
	EndGlobalSection
	GlobalSection(MonoDevelopProperties) = preSolution
		StartupItem = Assembly-CSharp.csproj
	EndGlobalSection
EndGlobal
